{
  "name": "hippo",
  "version": "1.0.0",
  "lockfileVersion": 3,
  "requires": true,
  "packages": {
    "": {
      "name": "hippo",
      "version": "1.0.0",
      "license": "ISC",
      "workspaces": [
        "apps/api",
        "apps/web",
        "packages/shared"
      ]
    },
    "apps/api": {
      "name": "@hippo/api",
      "version": "1.0.0",
      "license": "ISC"
    },
    "apps/web": {
      "name": "@hippo/web",
      "version": "1.0.0",
      "license": "ISC",
      "devDependencies": {}
    },
    "node_modules/@hippo/api": {
      "resolved": "apps/api",
      "link": true
    },
    "node_modules/@hippo/shared": {
      "resolved": "packages/shared",
      "link": true
    },
    "node_modules/@hippo/web": {
      "resolved": "apps/web",
      "link": true
    },
    "packages/shared": {
      "name": "@hippo/shared",
      "version": "1.0.0",
      "license": "ISC",
      "devDependencies": {}
    }
  }
}
